{
  "name": "jinya-gallery-cms",
  "version": "1.0.0",
  "lockfileVersion": 1,
  "requires": true,
  "dependencies": {
    "@types/datatables.net": {
      "version": "1.10.7",
      "resolved": "https://registry.npmjs.org/@types/datatables.net/-/datatables.net-1.10.7.tgz",
      "integrity": "sha512-t2He/8uu6hGiG+43iL6akyWoYUEOg7uCJ6ZJ0W4p83DPj+3AR3lLto9WXGULaph8iUXagp8ysQTqPhKq3yGVAQ==",
      "requires": {
        "@types/jquery": "3.2.16"
      }
    },
    "@types/jquery": {
      "version": "3.2.16",
      "resolved": "https://registry.npmjs.org/@types/jquery/-/jquery-3.2.16.tgz",
      "integrity": "sha512-q2WC02YxQoX2nY1HRKlYGHpGP1saPmD7GN0pwCDlTz35a4eOtJG+aHRlXyjCuXokUukSrR2aXyBhSW3j+jPc0A=="
    },
    "@types/messenger": {
      "version": "1.4.28",
      "resolved": "https://registry.npmjs.org/@types/messenger/-/messenger-1.4.28.tgz",
      "integrity": "sha1-VNkuynNBguC5iocRkPeWbicPhnI="
    }
  }
}
