{
  "name": "jinya-gallery-cms",
  "version": "1.0.0",
  "lockfileVersion": 1,
  "requires": true,
  "dependencies": {
    "@types/datatables.net": {
      "version": "1.10.7",
      "resolved": "https://registry.npmjs.org/@types/datatables.net/-/datatables.net-1.10.7.tgz",
      "integrity": "sha512-t2He/8uu6hGiG+43iL6akyWoYUEOg7uCJ6ZJ0W4p83DPj+3AR3lLto9WXGULaph8iUXagp8ysQTqPhKq3yGVAQ==",
      "requires": {
        "@types/jquery": "3.2.16"
      }
    },
    "@types/imagesloaded": {
      "version": "4.1.1",
      "resolved": "https://registry.npmjs.org/@types/imagesloaded/-/imagesloaded-4.1.1.tgz",
      "integrity": "sha512-Af9r4Br/3H0w+UrHmQy5zY7OfR7RShxn8a6r1Mun82kF6R2+DWrUgwKkskKPi/bEt2/0NUKUs+hv0B+n8pbBEw==",
      "requires": {
        "@types/jquery": "3.2.16"
      }
    },
    "@types/jquery": {
      "version": "3.2.16",
      "resolved": "https://registry.npmjs.org/@types/jquery/-/jquery-3.2.16.tgz",
      "integrity": "sha512-q2WC02YxQoX2nY1HRKlYGHpGP1saPmD7GN0pwCDlTz35a4eOtJG+aHRlXyjCuXokUukSrR2aXyBhSW3j+jPc0A=="
    },
    "@types/jquery-match-height": {
      "version": "0.7.4",
      "resolved": "https://registry.npmjs.org/@types/jquery-match-height/-/jquery-match-height-0.7.4.tgz",
      "integrity": "sha512-BiSjvJhJ1eTKpY1wRuGwIdh3LkM330UbL6Hx02ppSx6V909vrUf6ZyoUsRrmcAO0s4PGarZ3l7Uke7api+Bv0g==",
      "requires": {
        "@types/jquery": "3.2.16"
      }
    },
    "@types/knockout": {
      "version": "3.4.46",
      "resolved": "https://registry.npmjs.org/@types/knockout/-/knockout-3.4.46.tgz",
      "integrity": "sha512-dsnfVF8CPQNv3mk7iQS2mGv7AAUVRcTGExbrlfwDD1AZPaV8cquHsVw3mLIFBsiHL8h4TiECiWtukqTF9dcEug=="
    },
    "@types/messenger": {
      "version": "1.4.28",
      "resolved": "https://registry.npmjs.org/@types/messenger/-/messenger-1.4.28.tgz",
      "integrity": "sha1-VNkuynNBguC5iocRkPeWbicPhnI="
    }
  }
}
