# THIS IS AN AUTOGENERATED FILE. DO NOT EDIT THIS FILE DIRECTLY.
# yarn lockfile v1


"@types/bootstrap@^3.3.36":
  version "3.3.36"
  resolved "https://registry.yarnpkg.com/@types/bootstrap/-/bootstrap-3.3.36.tgz#5ca0b81655427398fe7c8728bccdc395069093d0"
  dependencies:
    "@types/jquery" "*"

"@types/datatables.net@^1.10.7":
  version "1.10.8"
  resolved "https://registry.yarnpkg.com/@types/datatables.net/-/datatables.net-1.10.8.tgz#2dade4d4a50b587ab7974a71e49ed0eb9e18f300"
  dependencies:
    "@types/jquery" "*"

"@types/imagesloaded@^4.1.1":
  version "4.1.1"
  resolved "https://registry.yarnpkg.com/@types/imagesloaded/-/imagesloaded-4.1.1.tgz#25e25cca04042b655f7f99f30da332fa5d5c690f"
  dependencies:
    "@types/jquery" "*"

"@types/jquery-match-height@^0.7.4":
  version "0.7.4"
  resolved "https://registry.yarnpkg.com/@types/jquery-match-height/-/jquery-match-height-0.7.4.tgz#a60d4b11a0c9df4a382e108102f82114b5cd191c"
  dependencies:
    "@types/jquery" "*"

"@types/jquery@*", "@types/jquery@^3.2.16":
  version "3.2.17"
  resolved "https://registry.yarnpkg.com/@types/jquery/-/jquery-3.2.17.tgz#01df9805dd5cf83a14cf5bfd81adced7d4fbd970"

"@types/knockout@^3.4.46":
  version "3.4.47"
  resolved "https://registry.yarnpkg.com/@types/knockout/-/knockout-3.4.47.tgz#e312370bd9688f373e4c8ace40a3317c88089ac6"

"@types/messenger@^1.4.28":
  version "1.4.28"
  resolved "https://registry.yarnpkg.com/@types/messenger/-/messenger-1.4.28.tgz#54d92eca734182e0b98a871190f7966e270f8672"
